
Microsoft Visual Studio Solution File, Format Version 12.00
# Visual Studio Version 17
VisualStudioVersion = 17.14.36616.10
MinimumVisualStudioVersion = 10.0.40219.1
Project("{8BC9CEB8-8B4A-11D0-8D11-00A0C91BC942}") = "NetLib", "NetLib\NetLib.vcxproj", "{A575D888-EB05-493C-97B0-C130882C854F}"
EndProject
Project("{8BC9CEB8-8B4A-11D0-8D11-00A0C91BC942}") = "EchoServer", "EchoServer\EchoServer.vcxproj", "{8838D07C-FA06-40AC-9D2B-ED287FE7087D}"
	ProjectSection(ProjectDependencies) = postProject
		{08D95FD9-2403-4E97-84CD-6368CFCA22D2} = {08D95FD9-2403-4E97-84CD-6368CFCA22D2}
		{A575D888-EB05-493C-97B0-C130882C854F} = {A575D888-EB05-493C-97B0-C130882C854F}
	EndProjectSection
EndProject
Project("{8BC9CEB8-8B4A-11D0-8D11-00A0C91BC942}") = "PacketGenerator", "PacketGenerator\PacketGenerator.vcxproj", "{08D95FD9-2403-4E97-84CD-6368CFCA22D2}"
	ProjectSection(ProjectDependencies) = postProject
		{A575D888-EB05-493C-97B0-C130882C854F} = {A575D888-EB05-493C-97B0-C130882C854F}
	EndProjectSection
EndProject
Global
	GlobalSection(SolutionConfigurationPlatforms) = preSolution
		Debug|x64 = Debug|x64
		Debug|x86 = Debug|x86
		Release|x64 = Release|x64
		Release|x86 = Release|x86
	EndGlobalSection
	GlobalSection(ProjectConfigurationPlatforms) = postSolution
		{A575D888-EB05-493C-97B0-C130882C854F}.Debug|x64.ActiveCfg = Debug|x64
		{A575D888-EB05-493C-97B0-C130882C854F}.Debug|x64.Build.0 = Debug|x64
		{A575D888-EB05-493C-97B0-C130882C854F}.Debug|x86.ActiveCfg = Debug|Win32
		{A575D888-EB05-493C-97B0-C130882C854F}.Debug|x86.Build.0 = Debug|Win32
		{A575D888-EB05-493C-97B0-C130882C854F}.Release|x64.ActiveCfg = Release|x64
		{A575D888-EB05-493C-97B0-C130882C854F}.Release|x64.Build.0 = Release|x64
		{A575D888-EB05-493C-97B0-C130882C854F}.Release|x86.ActiveCfg = Release|Win32
		{A575D888-EB05-493C-97B0-C130882C854F}.Release|x86.Build.0 = Release|Win32
		{8838D07C-FA06-40AC-9D2B-ED287FE7087D}.Debug|x64.ActiveCfg = Debug|x64
		{8838D07C-FA06-40AC-9D2B-ED287FE7087D}.Debug|x64.Build.0 = Debug|x64
		{8838D07C-FA06-40AC-9D2B-ED287FE7087D}.Debug|x86.ActiveCfg = Debug|Win32
		{8838D07C-FA06-40AC-9D2B-ED287FE7087D}.Debug|x86.Build.0 = Debug|Win32
		{8838D07C-FA06-40AC-9D2B-ED287FE7087D}.Release|x64.ActiveCfg = Release|x64
		{8838D07C-FA06-40AC-9D2B-ED287FE7087D}.Release|x64.Build.0 = Release|x64
		{8838D07C-FA06-40AC-9D2B-ED287FE7087D}.Release|x86.ActiveCfg = Release|Win32
		{8838D07C-FA06-40AC-9D2B-ED287FE7087D}.Release|x86.Build.0 = Release|Win32
		{08D95FD9-2403-4E97-84CD-6368CFCA22D2}.Debug|x64.ActiveCfg = Debug|x64
		{08D95FD9-2403-4E97-84CD-6368CFCA22D2}.Debug|x64.Build.0 = Debug|x64
		{08D95FD9-2403-4E97-84CD-6368CFCA22D2}.Debug|x86.ActiveCfg = Debug|Win32
		{08D95FD9-2403-4E97-84CD-6368CFCA22D2}.Debug|x86.Build.0 = Debug|Win32
		{08D95FD9-2403-4E97-84CD-6368CFCA22D2}.Release|x64.ActiveCfg = Release|x64
		{08D95FD9-2403-4E97-84CD-6368CFCA22D2}.Release|x64.Build.0 = Release|x64
		{08D95FD9-2403-4E97-84CD-6368CFCA22D2}.Release|x86.ActiveCfg = Release|Win32
		{08D95FD9-2403-4E97-84CD-6368CFCA22D2}.Release|x86.Build.0 = Release|Win32
	EndGlobalSection
	GlobalSection(SolutionProperties) = preSolution
		HideSolutionNode = FALSE
	EndGlobalSection
	GlobalSection(ExtensibilityGlobals) = postSolution
		SolutionGuid = {68A28705-2F4B-4B32-922C-02151BFC5339}
	EndGlobalSection
EndGlobal
