<?xml version="1.0" encoding="utf-8"?>
<Project ToolsVersion="4.0" xmlns="http://schemas.microsoft.com/developer/msbuild/2003">
  <ItemGroup>
    <Filter Include="소스 파일">
      <UniqueIdentifier>{4FC737F1-C7A5-4376-A066-2A32D752A2FF}</UniqueIdentifier>
      <Extensions>cpp;c;cc;cxx;c++;cppm;ixx;def;odl;idl;hpj;bat;asm;asmx</Extensions>
    </Filter>
    <Filter Include="헤더 파일">
      <UniqueIdentifier>{93995380-89BD-4b04-88EB-625FBE52EBFB}</UniqueIdentifier>
      <Extensions>h;hh;hpp;hxx;h++;hm;inl;inc;ipp;xsd</Extensions>
    </Filter>
    <Filter Include="리소스 파일">
      <UniqueIdentifier>{67DA6AB6-F800-4c08-8B7A-83BB121AAD01}</UniqueIdentifier>
      <Extensions>rc;ico;cur;bmp;dlg;rc2;rct;bin;rgs;gif;jpg;jpeg;jpe;resx;tiff;tif;png;wav;mfcribbon-ms</Extensions>
    </Filter>
    <Filter Include="소스 파일\Map">
      <UniqueIdentifier>{0bfea7d2-f2ea-4b32-8576-6fb50cf152ab}</UniqueIdentifier>
    </Filter>
    <Filter Include="소스 파일\Skill">
      <UniqueIdentifier>{a3e1c2d4-5b6f-4a7c-9d8e-1f2a3b4c5d6e}</UniqueIdentifier>
    </Filter>
  </ItemGroup>
  <ItemGroup>
    <ClCompile Include="pch.cpp">
      <Filter>소스 파일</Filter>
    </ClCompile>
    <ClCompile Include="Stage.cpp">
      <Filter>소스 파일</Filter>
    </ClCompile>
    <ClCompile Include="StageSkill.cpp">
      <Filter>소스 파일</Filter>
    </ClCompile>
    <ClCompile Include="StageObject.cpp">
      <Filter>소스 파일</Filter>
    </ClCompile>
    <ClCompile Include="EventArea.cpp">
      <Filter>소스 파일</Filter>
    </ClCompile>
    <ClCompile Include="ActorObject.cpp">
      <Filter>소스 파일</Filter>
    </ClCompile>
    <ClCompile Include="Sector.cpp">
      <Filter>소스 파일</Filter>
    </ClCompile>
    <ClCompile Include="SystemStage.cpp">
      <Filter>소스 파일</Filter>
    </ClCompile>
    <ClCompile Include="Town.cpp">
      <Filter>소스 파일</Filter>
    </ClCompile>
    <ClCompile Include="Field.cpp">
      <Filter>소스 파일</Filter>
    </ClCompile>
    <ClCompile Include="User.cpp">
      <Filter>소스 파일</Filter>
    </ClCompile>
    <ClCompile Include="Character.cpp">
      <Filter>소스 파일</Filter>
    </ClCompile>
    <ClCompile Include="Monster.cpp">
      <Filter>소스 파일</Filter>
    </ClCompile>
    <ClCompile Include="WaypointMover.cpp">
      <Filter>소스 파일</Filter>
    </ClCompile>
    <ClCompile Include="CharacterStatComponent.cpp">
      <Filter>소스 파일</Filter>
    </ClCompile>
    <ClCompile Include="StatComponentBase.cpp">
      <Filter>소스 파일</Filter>
    </ClCompile>
    <ClCompile Include="BasicStatComponent.cpp">
      <Filter>소스 파일</Filter>
    </ClCompile>
    <ClCompile Include="StageManager.cpp">
      <Filter>소스 파일</Filter>
    </ClCompile>
    <ClCompile Include="GameServer.cpp">
      <Filter>소스 파일</Filter>
    </ClCompile>
    <ClCompile Include="PacketSender.cpp">
      <Filter>소스 파일</Filter>
    </ClCompile>
    <ClCompile Include="main.cpp">
      <Filter>소스 파일</Filter>
    </ClCompile>
    <ClCompile Include="Map\NavMeshManager.cpp">
      <Filter>소스 파일\Map</Filter>
    </ClCompile>
    <ClCompile Include="StageNavMesh.cpp">
      <Filter>소스 파일</Filter>
    </ClCompile>
    <ClCompile Include="StageLayout.cpp">
      <Filter>소스 파일</Filter>
    </ClCompile>
    <ClCompile Include="StageAssetManager.cpp">
      <Filter>소스 파일</Filter>
    </ClCompile>
    <ClCompile Include="MonsterSpawner.cpp">
      <Filter>소스 파일</Filter>
    </ClCompile>
    <ClCompile Include="StageScript.cpp">
      <Filter>소스 파일</Filter>
    </ClCompile>
    <ClCompile Include="MonsterFsmAI.cpp">
      <Filter>소스 파일</Filter>
    </ClCompile>
    <ClCompile Include="Skill\AreaEffect.cpp">
      <Filter>소스 파일\Skill</Filter>
    </ClCompile>
    <ClCompile Include="Skill\ProjectileGroup.cpp">
      <Filter>소스 파일\Skill</Filter>
    </ClCompile>
    <ClCompile Include="Skill\SkillBake.cpp">
      <Filter>소스 파일\Skill</Filter>
    </ClCompile>
    <ClCompile Include="SkillComponent.cpp">
      <Filter>소스 파일</Filter>
    </ClCompile>
    <ClCompile Include="BuffComponent.cpp">
      <Filter>소스 파일</Filter>
    </ClCompile>
    <ClCompile Include="CheatManager.cpp">
      <Filter>소스 파일</Filter>
    </ClCompile>
    <ClCompile Include="MonsterCombatComponent.cpp">
      <Filter>소스 파일</Filter>
    </ClCompile>
  </ItemGroup>
  <ItemGroup>
    <ClInclude Include="GameServer.h">
      <Filter>소스 파일</Filter>
    </ClInclude>
    <ClInclude Include="PacketSender.h">
      <Filter>소스 파일</Filter>
    </ClInclude>
    <ClInclude Include="pch.h">
      <Filter>소스 파일</Filter>
    </ClInclude>
    <ClInclude Include="GameServerDefine.h">
      <Filter>소스 파일</Filter>
    </ClInclude>
    <ClInclude Include="Stage.h">
      <Filter>소스 파일</Filter>
    </ClInclude>
    <ClInclude Include="StageObject.h">
      <Filter>소스 파일</Filter>
    </ClInclude>
    <ClInclude Include="EventArea.h">
      <Filter>소스 파일</Filter>
    </ClInclude>
    <ClInclude Include="ActorObject.h">
      <Filter>소스 파일</Filter>
    </ClInclude>
    <ClInclude Include="Sector.h">
      <Filter>소스 파일</Filter>
    </ClInclude>
    <ClInclude Include="SystemStage.h">
      <Filter>소스 파일</Filter>
    </ClInclude>
    <ClInclude Include="Town.h">
      <Filter>소스 파일</Filter>
    </ClInclude>
    <ClInclude Include="Field.h">
      <Filter>소스 파일</Filter>
    </ClInclude>
    <ClInclude Include="User.h">
      <Filter>소스 파일</Filter>
    </ClInclude>
    <ClInclude Include="Character.h">
      <Filter>소스 파일</Filter>
    </ClInclude>
    <ClInclude Include="Monster.h">
      <Filter>소스 파일</Filter>
    </ClInclude>
    <ClInclude Include="WaypointMover.h">
      <Filter>소스 파일</Filter>
    </ClInclude>
    <ClInclude Include="CharacterStatComponent.h">
      <Filter>소스 파일</Filter>
    </ClInclude>
    <ClInclude Include="StatComponentBase.h">
      <Filter>소스 파일</Filter>
    </ClInclude>
    <ClInclude Include="BasicStatComponent.h">
      <Filter>소스 파일</Filter>
    </ClInclude>
    <ClInclude Include="StageManager.h">
      <Filter>소스 파일</Filter>
    </ClInclude>
    <ClInclude Include="Map\NavMeshManager.h">
      <Filter>소스 파일\Map</Filter>
    </ClInclude>
    <ClInclude Include="StageNavMesh.h">
      <Filter>소스 파일</Filter>
    </ClInclude>
    <ClInclude Include="StageLayout.h">
      <Filter>소스 파일</Filter>
    </ClInclude>
    <ClInclude Include="StageAssetManager.h">
      <Filter>소스 파일</Filter>
    </ClInclude>
    <ClInclude Include="MonsterSpawner.h">
      <Filter>소스 파일</Filter>
    </ClInclude>
    <ClInclude Include="StageScript.h">
      <Filter>소스 파일</Filter>
    </ClInclude>
    <ClInclude Include="IMonsterAI.h">
      <Filter>소스 파일</Filter>
    </ClInclude>
    <ClInclude Include="MonsterFsmAI.h">
      <Filter>소스 파일</Filter>
    </ClInclude>
    <ClInclude Include="Skill\EffectShape.h">
      <Filter>소스 파일\Skill</Filter>
    </ClInclude>
    <ClInclude Include="Skill\EffectParams.h">
      <Filter>소스 파일\Skill</Filter>
    </ClInclude>
    <ClInclude Include="Skill\AreaEffect.h">
      <Filter>소스 파일\Skill</Filter>
    </ClInclude>
    <ClInclude Include="Skill\ProjectileGroup.h">
      <Filter>소스 파일\Skill</Filter>
    </ClInclude>
    <ClInclude Include="Skill\SkillBake.h">
      <Filter>소스 파일\Skill</Filter>
    </ClInclude>
    <ClInclude Include="SkillComponent.h">
      <Filter>소스 파일</Filter>
    </ClInclude>
    <ClInclude Include="BuffInstance.h">
      <Filter>헤더 파일</Filter>
    </ClInclude>
    <ClInclude Include="BuffComponent.h">
      <Filter>헤더 파일</Filter>
    </ClInclude>
    <ClInclude Include="CheatManager.h">
      <Filter>소스 파일</Filter>
    </ClInclude>
    <ClInclude Include="MonsterCombatComponent.h">
      <Filter>헤더 파일</Filter>
    </ClInclude>
  </ItemGroup>
</Project>