<?xml version="1.0" encoding="utf-8"?>
<Project ToolsVersion="4.0" xmlns="http://schemas.microsoft.com/developer/msbuild/2003">
  <ItemGroup>
    <Filter Include="소스 파일">
      <UniqueIdentifier>{4FC737F1-C7A5-4376-A066-2A32D752A2FF}</UniqueIdentifier>
      <Extensions>cpp;c;cc;cxx;c++;cppm;ixx;def;odl;idl;hpj;bat;asm;asmx</Extensions>
    </Filter>
    <Filter Include="헤더 파일">
      <UniqueIdentifier>{93995380-89BD-4b04-88EB-625FBE52EBFB}</UniqueIdentifier>
      <Extensions>h;hh;hpp;hxx;h++;hm;inl;inc;ipp;xsd</Extensions>
    </Filter>
    <Filter Include="리소스 파일">
      <UniqueIdentifier>{67DA6AB6-F800-4c08-8B7A-83BB121AAD01}</UniqueIdentifier>
      <Extensions>rc;ico;cur;bmp;dlg;rc2;rct;bin;rgs;gif;jpg;jpeg;jpe;resx;tiff;tif;png;wav;mfcribbon-ms</Extensions>
    </Filter>
    <Filter Include="소스 파일\Include">
      <UniqueIdentifier>{6c169625-7dae-44f8-9230-24cf22f82728}</UniqueIdentifier>
    </Filter>
    <Filter Include="소스 파일\Source">
      <UniqueIdentifier>{ed97591a-8343-40df-a5eb-d19bf6b3651a}</UniqueIdentifier>
    </Filter>
  </ItemGroup>
  <ItemGroup>
    <ClInclude Include="Include\Recast.h">
      <Filter>소스 파일\Include</Filter>
    </ClInclude>
    <ClInclude Include="Include\RecastAlloc.h">
      <Filter>소스 파일\Include</Filter>
    </ClInclude>
    <ClInclude Include="Include\RecastAssert.h">
      <Filter>소스 파일\Include</Filter>
    </ClInclude>
  </ItemGroup>
  <ItemGroup>
    <ClCompile Include="Source\Recast.cpp">
      <Filter>소스 파일\Source</Filter>
    </ClCompile>
    <ClCompile Include="Source\RecastAlloc.cpp">
      <Filter>소스 파일\Source</Filter>
    </ClCompile>
    <ClCompile Include="Source\RecastArea.cpp">
      <Filter>소스 파일\Source</Filter>
    </ClCompile>
    <ClCompile Include="Source\RecastAssert.cpp">
      <Filter>소스 파일\Source</Filter>
    </ClCompile>
    <ClCompile Include="Source\RecastContour.cpp">
      <Filter>소스 파일\Source</Filter>
    </ClCompile>
    <ClCompile Include="Source\RecastFilter.cpp">
      <Filter>소스 파일\Source</Filter>
    </ClCompile>
    <ClCompile Include="Source\RecastLayers.cpp">
      <Filter>소스 파일\Source</Filter>
    </ClCompile>
    <ClCompile Include="Source\RecastMesh.cpp">
      <Filter>소스 파일\Source</Filter>
    </ClCompile>
    <ClCompile Include="Source\RecastMeshDetail.cpp">
      <Filter>소스 파일\Source</Filter>
    </ClCompile>
    <ClCompile Include="Source\RecastRasterization.cpp">
      <Filter>소스 파일\Source</Filter>
    </ClCompile>
    <ClCompile Include="Source\RecastRegion.cpp">
      <Filter>소스 파일\Source</Filter>
    </ClCompile>
  </ItemGroup>
</Project>